{
  "name": "tech-notes",
  "lockfileVersion": 3,
  "requires": true,
  "packages": {
    "": {
      "dependencies": {
        "markdown-it-custom-attrs": "^1.0.2"
      }
    },
    "node_modules/a-sync-waterfall": {
      "version": "1.0.1",
      "resolved": "https://registry.npmmirror.com/a-sync-waterfall/-/a-sync-waterfall-1.0.1.tgz",
      "integrity": "sha512-RYTOHHdWipFUliRFMCS4X2Yn2X8M87V/OpSqWzKKOGhzqyUxzyVmhHDH9sAvG+ZuQf/TAOFsLCpMw09I1ufUnA=="
    },
    "node_modules/asap": {
      "version": "2.0.6",
      "resolved": "https://registry.npmmirror.com/asap/-/asap-2.0.6.tgz",
      "integrity": "sha512-BSHWgDSAiKs50o2Re8ppvp3seVHXSRM44cdSsT9FfNEUUZLOGWVCsiWaRPWM1Znn+mqZ1OfVZ3z3DWEzSp7hRA=="
    },
    "node_modules/commander": {
      "version": "5.1.0",
      "resolved": "https://registry.npmmirror.com/commander/-/commander-5.1.0.tgz",
      "integrity": "sha512-P0CysNDQ7rtVw4QIQtm+MRxV66vKFSvlsQvGYXZWR3qFU0jlMKHZZZgw8e+8DSah4UDKMqnknRDQz+xuQXQ/Zg==",
      "engines": {
        "node": ">= 6"
      }
    },
    "node_modules/hexo-pagination": {
      "version": "0.1.0",
      "resolved": "https://registry.npmmirror.com/hexo-pagination/-/hexo-pagination-0.1.0.tgz",
      "integrity": "sha512-Ji/LYq7xP7cdBdG15CJ4YZZNA/c6Kf64rXj+Jp2bKsC2JTgcBmz+GGkHwpk6aoMHXRP2XraxGcGjXhITr7ooYg==",
      "dependencies": {
        "object-assign": "^4.1.0"
      }
    },
    "node_modules/lodash.pick": {
      "version": "4.4.0",
      "resolved": "https://registry.npmmirror.com/lodash.pick/-/lodash.pick-4.4.0.tgz",
      "integrity": "sha512-hXt6Ul/5yWjfklSGvLQl8vM//l3FtyHZeuelpzK6mm99pNvN9yTDruNZPEJZD1oWrqo+izBmB7oUfWgcCX7s4Q=="
    },
    "node_modules/markdown-it-custom-attrs": {
      "version": "1.0.2",
      "resolved": "https://registry.npmmirror.com/markdown-it-custom-attrs/-/markdown-it-custom-attrs-1.0.2.tgz",
      "integrity": "sha512-6jiuxs//DhkFe7K3z5Y3nF1E6Lk2GRKGVzk8IpusxPZL90rOOhwEAtYjOGjRBPQctK56kJreCnFmPSUW0n3YeQ==",
      "dependencies": {
        "hexo-pagination": "^0.1.0",
        "lodash.pick": "^4.4.0",
        "nunjucks": "^3.0.1"
      }
    },
    "node_modules/nunjucks": {
      "version": "3.2.4",
      "resolved": "https://registry.npmmirror.com/nunjucks/-/nunjucks-3.2.4.tgz",
      "integrity": "sha512-26XRV6BhkgK0VOxfbU5cQI+ICFUtMLixv1noZn1tGU38kQH5A5nmmbk/O45xdyBhD1esk47nKrY0mvQpZIhRjQ==",
      "dependencies": {
        "a-sync-waterfall": "^1.0.0",
        "asap": "^2.0.3",
        "commander": "^5.1.0"
      },
      "bin": {
        "nunjucks-precompile": "bin/precompile"
      },
      "engines": {
        "node": ">= 6.9.0"
      },
      "peerDependencies": {
        "chokidar": "^3.3.0"
      },
      "peerDependenciesMeta": {
        "chokidar": {
          "optional": true
        }
      }
    },
    "node_modules/object-assign": {
      "version": "4.1.1",
      "resolved": "https://registry.npmmirror.com/object-assign/-/object-assign-4.1.1.tgz",
      "integrity": "sha512-rJgTQnkUnH1sFw8yT6VSU3zD3sWmu6sZhIseY8VX+GRu3P6F7Fu+JNDoXfklElbLJSnc3FUQHVe4cU5hj+BcUg==",
      "engines": {
        "node": ">=0.10.0"
      }
    }
  }
}
